
Microsoft Visual Studio Solution File, Format Version 12.00
# Visual Studio Version 17
VisualStudioVersion = 17.5.002.0
MinimumVisualStudioVersion = 10.0.40219.1
Project("{9A19103F-16F7-4668-BE54-9A1E7A4F7556}") = "Console", "Console\Console.csproj", "{2AB45804-A6C4-4EBC-90AC-5C40795AC024}"
EndProject
Project("{9A19103F-16F7-4668-BE54-9A1E7A4F7556}") = "ConsoleTests", "ConsoleTests\ConsoleTests.csproj", "{D323136B-C50C-4FAF-BE7C-87FFA25B89E0}"
EndProject
Global
	GlobalSection(SolutionConfigurationPlatforms) = preSolution
		Debug|Any CPU = Debug|Any CPU
		Release|Any CPU = Release|Any CPU
	EndGlobalSection
	GlobalSection(ProjectConfigurationPlatforms) = postSolution
		{2AB45804-A6C4-4EBC-90AC-5C40795AC024}.Debug|Any CPU.ActiveCfg = Debug|Any CPU
		{2AB45804-A6C4-4EBC-90AC-5C40795AC024}.Debug|Any CPU.Build.0 = Debug|Any CPU
		{2AB45804-A6C4-4EBC-90AC-5C40795AC024}.Release|Any CPU.ActiveCfg = Release|Any CPU
		{2AB45804-A6C4-4EBC-90AC-5C40795AC024}.Release|Any CPU.Build.0 = Release|Any CPU
		{D323136B-C50C-4FAF-BE7C-87FFA25B89E0}.Debug|Any CPU.ActiveCfg = Debug|Any CPU
		{D323136B-C50C-4FAF-BE7C-87FFA25B89E0}.Debug|Any CPU.Build.0 = Debug|Any CPU
		{D323136B-C50C-4FAF-BE7C-87FFA25B89E0}.Release|Any CPU.ActiveCfg = Release|Any CPU
		{D323136B-C50C-4FAF-BE7C-87FFA25B89E0}.Release|Any CPU.Build.0 = Release|Any CPU
	EndGlobalSection
	GlobalSection(SolutionProperties) = preSolution
		HideSolutionNode = FALSE
	EndGlobalSection
	GlobalSection(ExtensibilityGlobals) = postSolution
		SolutionGuid = {B16D3022-101A-44F1-8388-DD1FA55D40B7}
	EndGlobalSection
EndGlobal
